
Microsoft Visual Studio Solution File, Format Version 12.00
# Visual Studio 14
VisualStudioVersion = 14.0.25420.1
MinimumVisualStudioVersion = 10.0.40219.1
Project("{FAE04EC0-301F-11D3-BF4B-00C04F79EFBC}") = "UmAppParaConsole", "UmAppParaConsole\UmAppParaConsole.csproj", "{546ED6E4-8578-48CC-AD19-77C946DECE95}"
EndProject
Project("{FAE04EC0-301F-11D3-BF4B-00C04F79EFBC}") = "UnitTestUmAppParaConsole", "UnitTestUmAppParaConsole\UnitTestUmAppParaConsole.csproj", "{AA4A0760-BA26-478D-B4AF-7EA775199395}"
EndProject
Global
	GlobalSection(SolutionConfigurationPlatforms) = preSolution
		Debug|Any CPU = Debug|Any CPU
		Release|Any CPU = Release|Any CPU
	EndGlobalSection
	GlobalSection(ProjectConfigurationPlatforms) = postSolution
		{546ED6E4-8578-48CC-AD19-77C946DECE95}.Debug|Any CPU.ActiveCfg = Debug|Any CPU
		{546ED6E4-8578-48CC-AD19-77C946DECE95}.Debug|Any CPU.Build.0 = Debug|Any CPU
		{546ED6E4-8578-48CC-AD19-77C946DECE95}.Release|Any CPU.ActiveCfg = Release|Any CPU
		{546ED6E4-8578-48CC-AD19-77C946DECE95}.Release|Any CPU.Build.0 = Release|Any CPU
		{AA4A0760-BA26-478D-B4AF-7EA775199395}.Debug|Any CPU.ActiveCfg = Debug|Any CPU
		{AA4A0760-BA26-478D-B4AF-7EA775199395}.Debug|Any CPU.Build.0 = Debug|Any CPU
		{AA4A0760-BA26-478D-B4AF-7EA775199395}.Release|Any CPU.ActiveCfg = Release|Any CPU
		{AA4A0760-BA26-478D-B4AF-7EA775199395}.Release|Any CPU.Build.0 = Release|Any CPU
	EndGlobalSection
	GlobalSection(SolutionProperties) = preSolution
		HideSolutionNode = FALSE
	EndGlobalSection
EndGlobal
